
Microsoft Visual Studio Solution File, Format Version 12.00
# Visual Studio 14
VisualStudioVersion = 14.0.23107.0
MinimumVisualStudioVersion = 10.0.40219.1
Project("{FAE04EC0-301F-11D3-BF4B-00C04F79EFBC}") = "shotting", "shotting\shotting.csproj", "{F1018DA3-C372-47D4-99A8-A1E557AC5560}"
EndProject
Project("{FAE04EC0-301F-11D3-BF4B-00C04F79EFBC}") = "shotting_varsion2", "shotting_varsion2\shotting_varsion2.csproj", "{86B22B8E-5249-4353-A9F7-7747646939FE}"
EndProject
Global
	GlobalSection(SolutionConfigurationPlatforms) = preSolution
		Debug|Any CPU = Debug|Any CPU
		Release|Any CPU = Release|Any CPU
	EndGlobalSection
	GlobalSection(ProjectConfigurationPlatforms) = postSolution
		{F1018DA3-C372-47D4-99A8-A1E557AC5560}.Debug|Any CPU.ActiveCfg = Debug|Any CPU
		{F1018DA3-C372-47D4-99A8-A1E557AC5560}.Debug|Any CPU.Build.0 = Debug|Any CPU
		{F1018DA3-C372-47D4-99A8-A1E557AC5560}.Release|Any CPU.ActiveCfg = Release|Any CPU
		{F1018DA3-C372-47D4-99A8-A1E557AC5560}.Release|Any CPU.Build.0 = Release|Any CPU
		{86B22B8E-5249-4353-A9F7-7747646939FE}.Debug|Any CPU.ActiveCfg = Debug|Any CPU
		{86B22B8E-5249-4353-A9F7-7747646939FE}.Debug|Any CPU.Build.0 = Debug|Any CPU
		{86B22B8E-5249-4353-A9F7-7747646939FE}.Release|Any CPU.ActiveCfg = Release|Any CPU
		{86B22B8E-5249-4353-A9F7-7747646939FE}.Release|Any CPU.Build.0 = Release|Any CPU
	EndGlobalSection
	GlobalSection(SolutionProperties) = preSolution
		HideSolutionNode = FALSE
	EndGlobalSection
EndGlobal
